{
  "name": "reveal-code-focus",
  "version": "1.1.0",
  "lockfileVersion": 1,
  "requires": true,
  "dependencies": {
    "@alrra/travis-scripts": {
      "version": "3.0.1",
      "resolved": "https://registry.npmjs.org/@alrra/travis-scripts/-/travis-scripts-3.0.1.tgz",
      "integrity": "sha1-RdW5NXMXtsxVU9/ZmTGEOuCw5To=",
      "dev": true
    },
    "balanced-match": {
      "version": "1.0.0",
      "resolved": "https://registry.npmjs.org/balanced-match/-/balanced-match-1.0.0.tgz",
      "integrity": "sha1-ibTRmasr7kneFk6gK4nORi1xt2c=",
      "dev": true
    },
    "brace-expansion": {
      "version": "1.1.11",
      "resolved": "https://registry.npmjs.org/brace-expansion/-/brace-expansion-1.1.11.tgz",
      "integrity": "sha512-iCuPHDFgrHX7H2vEI/5xpz07zSHB00TpugqhmYtVmMO6518mCuRMoOYFldEBl0g187ufozdaHgWKcYFb61qGiA==",
      "dev": true,
      "requires": {
        "balanced-match": "^1.0.0",
        "concat-map": "0.0.1"
      }
    },
    "commander": {
      "version": "2.12.2",
      "resolved": "https://registry.npmjs.org/commander/-/commander-2.12.2.tgz",
      "integrity": "sha512-BFnaq5ZOGcDN7FlrtBT4xxkgIToalIIxwjxLWVJ8bGTpe1LroqMiqQXdA7ygc7CRvaYS+9zfPGFnJqFSayx+AA==",
      "dev": true
    },
    "concat-map": {
      "version": "0.0.1",
      "resolved": "https://registry.npmjs.org/concat-map/-/concat-map-0.0.1.tgz",
      "integrity": "sha1-2Klr13/Wjfd5OnMDajug1UBdR3s=",
      "dev": true
    },
    "js-reporters": {
      "version": "1.2.1",
      "resolved": "https://registry.npmjs.org/js-reporters/-/js-reporters-1.2.1.tgz",
      "integrity": "sha1-+IxgjjJKM3OpW8xFrTBeXJecRZs=",
      "dev": true
    },
    "minimatch": {
      "version": "3.0.4",
      "resolved": "https://registry.npmjs.org/minimatch/-/minimatch-3.0.4.tgz",
      "integrity": "sha512-yJHVQEhyqPLUTgt9B83PXu6W3rx4MvvHvSUvToogpwoGDOUQ+yDrR0HRot+yOCdCO7u4hX3pWft6kWBBcqh0UA==",
      "dev": true,
      "requires": {
        "brace-expansion": "^1.1.7"
      }
    },
    "node-watch": {
      "version": "0.6.0",
      "resolved": "https://registry.npmjs.org/node-watch/-/node-watch-0.6.0.tgz",
      "integrity": "sha512-XAgTL05z75ptd7JSVejH1a2Dm1zmXYhuDr9l230Qk6Z7/7GPcnAs/UyJJ4ggsXSvWil8iOzwQLW0zuGUvHpG8g==",
      "dev": true
    },
    "path-parse": {
      "version": "1.0.6",
      "resolved": "https://registry.npmjs.org/path-parse/-/path-parse-1.0.6.tgz",
      "integrity": "sha512-GSmOT2EbHrINBf9SR7CDELwlJ8AENk3Qn7OikK4nFYAu3Ote2+JYNVvkpAEQm3/TLNEJFD/xZJjzyxg3KBWOzw==",
      "dev": true
    },
    "qunit": {
      "version": "2.9.2",
      "resolved": "https://registry.npmjs.org/qunit/-/qunit-2.9.2.tgz",
      "integrity": "sha512-wTOYHnioWHcx5wa85Wl15IE7D6zTZe2CQlsodS14yj7s2FZ3MviRnQluspBZsueIDEO7doiuzKlv05yfky1R7w==",
      "dev": true,
      "requires": {
        "commander": "2.12.2",
        "js-reporters": "1.2.1",
        "minimatch": "3.0.4",
        "node-watch": "0.6.0",
        "resolve": "1.9.0"
      }
    },
    "resolve": {
      "version": "1.9.0",
      "resolved": "https://registry.npmjs.org/resolve/-/resolve-1.9.0.tgz",
      "integrity": "sha512-TZNye00tI67lwYvzxCxHGjwTNlUV70io54/Ed4j6PscB8xVfuBJpRenI/o6dVk0cY0PYTY27AgCoGGxRnYuItQ==",
      "dev": true,
      "requires": {
        "path-parse": "^1.0.6"
      }
    },
    "reveal.js": {
      "version": "3.8.0",
      "resolved": "https://registry.npmjs.org/reveal.js/-/reveal.js-3.8.0.tgz",
      "integrity": "sha512-MQ+UBXIIL9IyBXhkLZWb/AG5h5/BedmnHXHIEavMBawNLVfAayvTrwNlDjGn4tf/CQ2CTJR8jSyIdu4RpfoLpg==",
      "dev": true
    }
  }
}
